// !$*UTF8*$!
{
	archiveVersion = 1;
	classes = {
	};
	objectVersion = 55;
	objects = {

/* Begin PBXBuildFile section */
		4091F2FA27A4DF0E003A2BBD /* AppDelegate.swift in Sources */ = {isa = PBXBuildFile; fileRef = 4091F2F927A4DF0E003A2BBD /* AppDelegate.swift */; };
		4091F2FC27A4DF0E003A2BBD /* SceneDelegate.swift in Sources */ = {isa = PBXBuildFile; fileRef = 4091F2FB27A4DF0E003A2BBD /* SceneDelegate.swift */; };
		4091F2FE27A4DF0E003A2BBD /* MoviesViewController.swift in Sources */ = {isa = PBXBuildFile; fileRef = 4091F2FD27A4DF0E003A2BBD /* MoviesViewController.swift */; };
		4091F30127A4DF0E003A2BBD /* Main.storyboard in Resources */ = {isa = PBXBuildFile; fileRef = 4091F2FF27A4DF0E003A2BBD /* Main.storyboard */; };
		4091F30327A4DF19003A2BBD /* Assets.xcassets in Resources */ = {isa = PBXBuildFile; fileRef = 4091F30227A4DF19003A2BBD /* Assets.xcassets */; };
		4091F30627A4DF19003A2BBD /* LaunchScreen.storyboard in Resources */ = {isa = PBXBuildFile; fileRef = 4091F30427A4DF19003A2BBD /* LaunchScreen.storyboard */; };
		4091F31127A4DF19003A2BBD /* FlixTests.swift in Sources */ = {isa = PBXBuildFile; fileRef = 4091F31027A4DF19003A2BBD /* FlixTests.swift */; };
		4091F31B27A4DF19003A2BBD /* FlixUITests.swift in Sources */ = {isa = PBXBuildFile; fileRef = 4091F31A27A4DF19003A2BBD /* FlixUITests.swift */; };
		4091F31D27A4DF19003A2BBD /* FlixUITestsLaunchTests.swift in Sources */ = {isa = PBXBuildFile; fileRef = 4091F31C27A4DF19003A2BBD /* FlixUITestsLaunchTests.swift */; };
		4091F32C27A8A026003A2BBD /* MovieCell.swift in Sources */ = {isa = PBXBuildFile; fileRef = 4091F32B27A8A026003A2BBD /* MovieCell.swift */; };
		4091F32F27A8A56B003A2BBD /* AlamofireImage in Frameworks */ = {isa = PBXBuildFile; productRef = 4091F32E27A8A56B003A2BBD /* AlamofireImage */; };
		4091F33127AF564F003A2BBD /* MovieDetailsViewController.swift in Sources */ = {isa = PBXBuildFile; fileRef = 4091F33027AF564F003A2BBD /* MovieDetailsViewController.swift */; };
		4091F33327AF66A5003A2BBD /* MovieGridViewController.swift in Sources */ = {isa = PBXBuildFile; fileRef = 4091F33227AF66A5003A2BBD /* MovieGridViewController.swift */; };
		4091F33527AF6B4C003A2BBD /* MovieGridCell.swift in Sources */ = {isa = PBXBuildFile; fileRef = 4091F33427AF6B4C003A2BBD /* MovieGridCell.swift */; };
		77AB3B6F39B3B38F551B8507 /* Pods_Flix_FlixUITests.framework in Frameworks */ = {isa = PBXBuildFile; fileRef = 26A8879035991B4072780619 /* Pods_Flix_FlixUITests.framework */; };
		BFBFCA616574755B5993B02E /* Pods_Flix.framework in Frameworks */ = {isa = PBXBuildFile; fileRef = 96BDD71D93C8E978388C9D10 /* Pods_Flix.framework */; };
		EA8543F608BFDA5924724AD7 /* Pods_FlixTests.framework in Frameworks */ = {isa = PBXBuildFile; fileRef = 070C5D1EED9ED86E55E91C96 /* Pods_FlixTests.framework */; };
/* End PBXBuildFile section */

/* Begin PBXContainerItemProxy section */
		4091F30D27A4DF19003A2BBD /* PBXContainerItemProxy */ = {
			isa = PBXContainerItemProxy;
			containerPortal = 4091F2EE27A4DF0D003A2BBD /* Project object */;
			proxyType = 1;
			remoteGlobalIDString = 4091F2F527A4DF0D003A2BBD;
			remoteInfo = Flix;
		};
		4091F31727A4DF19003A2BBD /* PBXContainerItemProxy */ = {
			isa = PBXContainerItemProxy;
			containerPortal = 4091F2EE27A4DF0D003A2BBD /* Project object */;
			proxyType = 1;
			remoteGlobalIDString = 4091F2F527A4DF0D003A2BBD;
			remoteInfo = Flix;
		};
/* End PBXContainerItemProxy section */

/* Begin PBXFileReference section */
		070C5D1EED9ED86E55E91C96 /* Pods_FlixTests.framework */ = {isa = PBXFileReference; explicitFileType = wrapper.framework; includeInIndex = 0; path = Pods_FlixTests.framework; sourceTree = BUILT_PRODUCTS_DIR; };
		26A8879035991B4072780619 /* Pods_Flix_FlixUITests.framework */ = {isa = PBXFileReference; explicitFileType = wrapper.framework; includeInIndex = 0; path = Pods_Flix_FlixUITests.framework; sourceTree = BUILT_PRODUCTS_DIR; };
		4091F2F627A4DF0D003A2BBD /* Flix.app */ = {isa = PBXFileReference; explicitFileType = wrapper.application; includeInIndex = 0; path = Flix.app; sourceTree = BUILT_PRODUCTS_DIR; };
		4091F2F927A4DF0E003A2BBD /* AppDelegate.swift */ = {isa = PBXFileReference; lastKnownFileType = sourcecode.swift; path = AppDelegate.swift; sourceTree = "<group>"; };
		4091F2FB27A4DF0E003A2BBD /* SceneDelegate.swift */ = {isa = PBXFileReference; lastKnownFileType = sourcecode.swift; path = SceneDelegate.swift; sourceTree = "<group>"; };
		4091F2FD27A4DF0E003A2BBD /* MoviesViewController.swift */ = {isa = PBXFileReference; lastKnownFileType = sourcecode.swift; path = MoviesViewController.swift; sourceTree = "<group>"; };
		4091F30027A4DF0E003A2BBD /* Base */ = {isa = PBXFileReference; lastKnownFileType = file.storyboard; name = Base; path = Base.lproj/Main.storyboard; sourceTree = "<group>"; };
		4091F30227A4DF19003A2BBD /* Assets.xcassets */ = {isa = PBXFileReference; lastKnownFileType = folder.assetcatalog; path = Assets.xcassets; sourceTree = "<group>"; };
		4091F30527A4DF19003A2BBD /* Base */ = {isa = PBXFileReference; lastKnownFileType = file.storyboard; name = Base; path = Base.lproj/LaunchScreen.storyboard; sourceTree = "<group>"; };
		4091F30727A4DF19003A2BBD /* Info.plist */ = {isa = PBXFileReference; lastKnownFileType = text.plist.xml; path = Info.plist; sourceTree = "<group>"; };
		4091F30C27A4DF19003A2BBD /* FlixTests.xctest */ = {isa = PBXFileReference; explicitFileType = wrapper.cfbundle; includeInIndex = 0; path = FlixTests.xctest; sourceTree = BUILT_PRODUCTS_DIR; };
		4091F31027A4DF19003A2BBD /* FlixTests.swift */ = {isa = PBXFileReference; lastKnownFileType = sourcecode.swift; path = FlixTests.swift; sourceTree = "<group>"; };
		4091F31627A4DF19003A2BBD /* FlixUITests.xctest */ = {isa = PBXFileReference; explicitFileType = wrapper.cfbundle; includeInIndex = 0; path = FlixUITests.xctest; sourceTree = BUILT_PRODUCTS_DIR; };
		4091F31A27A4DF19003A2BBD /* FlixUITests.swift */ = {isa = PBXFileReference; lastKnownFileType = sourcecode.swift; path = FlixUITests.swift; sourceTree = "<group>"; };
		4091F31C27A4DF19003A2BBD /* FlixUITestsLaunchTests.swift */ = {isa = PBXFileReference; lastKnownFileType = sourcecode.swift; path = FlixUITestsLaunchTests.swift; sourceTree = "<group>"; };
		4091F32B27A8A026003A2BBD /* MovieCell.swift */ = {isa = PBXFileReference; lastKnownFileType = sourcecode.swift; path = MovieCell.swift; sourceTree = "<group>"; };
		4091F33027AF564F003A2BBD /* MovieDetailsViewController.swift */ = {isa = PBXFileReference; lastKnownFileType = sourcecode.swift; path = MovieDetailsViewController.swift; sourceTree = "<group>"; };
		4091F33227AF66A5003A2BBD /* MovieGridViewController.swift */ = {isa = PBXFileReference; lastKnownFileType = sourcecode.swift; path = MovieGridViewController.swift; sourceTree = "<group>"; };
		4091F33427AF6B4C003A2BBD /* MovieGridCell.swift */ = {isa = PBXFileReference; lastKnownFileType = sourcecode.swift; path = MovieGridCell.swift; sourceTree = "<group>"; };
		6BF592CF53E03F1E1D945D37 /* Pods-Flix-FlixUITests.debug.xcconfig */ = {isa = PBXFileReference; includeInIndex = 1; lastKnownFileType = text.xcconfig; name = "Pods-Flix-FlixUITests.debug.xcconfig"; path = "Target Support Files/Pods-Flix-FlixUITests/Pods-Flix-FlixUITests.debug.xcconfig"; sourceTree = "<group>"; };
		6DDBC5C5DF0006B322B6C2FB /* Pods-Flix.debug.xcconfig */ = {isa = PBXFileReference; includeInIndex = 1; lastKnownFileType = text.xcconfig; name = "Pods-Flix.debug.xcconfig"; path = "Target Support Files/Pods-Flix/Pods-Flix.debug.xcconfig"; sourceTree = "<group>"; };
		96BDD71D93C8E978388C9D10 /* Pods_Flix.framework */ = {isa = PBXFileReference; explicitFileType = wrapper.framework; includeInIndex = 0; path = Pods_Flix.framework; sourceTree = BUILT_PRODUCTS_DIR; };
		AC5047F4060616EB0890E047 /* Pods-Flix-FlixUITests.release.xcconfig */ = {isa = PBXFileReference; includeInIndex = 1; lastKnownFileType = text.xcconfig; name = "Pods-Flix-FlixUITests.release.xcconfig"; path = "Target Support Files/Pods-Flix-FlixUITests/Pods-Flix-FlixUITests.release.xcconfig"; sourceTree = "<group>"; };
		B44D811696A119329094B473 /* Pods-FlixTests.release.xcconfig */ = {isa = PBXFileReference; includeInIndex = 1; lastKnownFileType = text.xcconfig; name = "Pods-FlixTests.release.xcconfig"; path = "Target Support Files/Pods-FlixTests/Pods-FlixTests.release.xcconfig"; sourceTree = "<group>"; };
		DB0C535719E959D5E6379D91 /* Pods-Flix.release.xcconfig */ = {isa = PBXFileReference; includeInIndex = 1; lastKnownFileType = text.xcconfig; name = "Pods-Flix.release.xcconfig"; path = "Target Support Files/Pods-Flix/Pods-Flix.release.xcconfig"; sourceTree = "<group>"; };
		DF12EA1BE5BE1EC16982E09A /* Pods-FlixTests.debug.xcconfig */ = {isa = PBXFileReference; includeInIndex = 1; lastKnownFileType = text.xcconfig; name = "Pods-FlixTests.debug.xcconfig"; path = "Target Support Files/Pods-FlixTests/Pods-FlixTests.debug.xcconfig"; sourceTree = "<group>"; };
/* End PBXFileReference section */

/* Begin PBXFrameworksBuildPhase section */
		4091F2F327A4DF0D003A2BBD /* Frameworks */ = {
			isa = PBXFrameworksBuildPhase;
			buildActionMask = 2147483647;
			files = (
				4091F32F27A8A56B003A2BBD /* AlamofireImage in Frameworks */,
				BFBFCA616574755B5993B02E /* Pods_Flix.framework in Frameworks */,
			);
			runOnlyForDeploymentPostprocessing = 0;
		};
		4091F30927A4DF19003A2BBD /* Frameworks */ = {
			isa = PBXFrameworksBuildPhase;
			buildActionMask = 2147483647;
			files = (
				EA8543F608BFDA5924724AD7 /* Pods_FlixTests.framework in Frameworks */,
			);
			runOnlyForDeploymentPostprocessing = 0;
		};
		4091F31327A4DF19003A2BBD /* Frameworks */ = {
			isa = PBXFrameworksBuildPhase;
			buildActionMask = 2147483647;
			files = (
				77AB3B6F39B3B38F551B8507 /* Pods_Flix_FlixUITests.framework in Frameworks */,
			);
			runOnlyForDeploymentPostprocessing = 0;
		};
/* End PBXFrameworksBuildPhase section */

/* Begin PBXGroup section */
		4091F2ED27A4DF0D003A2BBD = {
			isa = PBXGroup;
			children = (
				4091F2F827A4DF0D003A2BBD /* Flix */,
				4091F30F27A4DF19003A2BBD /* FlixTests */,
				4091F31927A4DF19003A2BBD /* FlixUITests */,
				4091F2F727A4DF0D003A2BBD /* Products */,
				5969D24BFEAF27850BC33ABD /* Pods */,
				970F4058FBE8F0CA148D029F /* Frameworks */,
			);
			sourceTree = "<group>";
		};
		4091F2F727A4DF0D003A2BBD /* Products */ = {
			isa = PBXGroup;
			children = (
				4091F2F627A4DF0D003A2BBD /* Flix.app */,
				4091F30C27A4DF19003A2BBD /* FlixTests.xctest */,
				4091F31627A4DF19003A2BBD /* FlixUITests.xctest */,
			);
			name = Products;
			sourceTree = "<group>";
		};
		4091F2F827A4DF0D003A2BBD /* Flix */ = {
			isa = PBXGroup;
			children = (
				4091F2F927A4DF0E003A2BBD /* AppDelegate.swift */,
				4091F2FB27A4DF0E003A2BBD /* SceneDelegate.swift */,
				4091F2FD27A4DF0E003A2BBD /* MoviesViewController.swift */,
				4091F2FF27A4DF0E003A2BBD /* Main.storyboard */,
				4091F32B27A8A026003A2BBD /* MovieCell.swift */,
				4091F33427AF6B4C003A2BBD /* MovieGridCell.swift */,
				4091F33227AF66A5003A2BBD /* MovieGridViewController.swift */,
				4091F33027AF564F003A2BBD /* MovieDetailsViewController.swift */,
				4091F30227A4DF19003A2BBD /* Assets.xcassets */,
				4091F30427A4DF19003A2BBD /* LaunchScreen.storyboard */,
				4091F30727A4DF19003A2BBD /* Info.plist */,
			);
			path = Flix;
			sourceTree = "<group>";
		};
		4091F30F27A4DF19003A2BBD /* FlixTests */ = {
			isa = PBXGroup;
			children = (
				4091F31027A4DF19003A2BBD /* FlixTests.swift */,
			);
			path = FlixTests;
			sourceTree = "<group>";
		};
		4091F31927A4DF19003A2BBD /* FlixUITests */ = {
			isa = PBXGroup;
			children = (
				4091F31A27A4DF19003A2BBD /* FlixUITests.swift */,
				4091F31C27A4DF19003A2BBD /* FlixUITestsLaunchTests.swift */,
			);
			path = FlixUITests;
			sourceTree = "<group>";
		};
		5969D24BFEAF27850BC33ABD /* Pods */ = {
			isa = PBXGroup;
			children = (
				6DDBC5C5DF0006B322B6C2FB /* Pods-Flix.debug.xcconfig */,
				DB0C535719E959D5E6379D91 /* Pods-Flix.release.xcconfig */,
				6BF592CF53E03F1E1D945D37 /* Pods-Flix-FlixUITests.debug.xcconfig */,
				AC5047F4060616EB0890E047 /* Pods-Flix-FlixUITests.release.xcconfig */,
				DF12EA1BE5BE1EC16982E09A /* Pods-FlixTests.debug.xcconfig */,
				B44D811696A119329094B473 /* Pods-FlixTests.release.xcconfig */,
			);
			path = Pods;
			sourceTree = "<group>";
		};
		970F4058FBE8F0CA148D029F /* Frameworks */ = {
			isa = PBXGroup;
			children = (
				96BDD71D93C8E978388C9D10 /* Pods_Flix.framework */,
				26A8879035991B4072780619 /* Pods_Flix_FlixUITests.framework */,
				070C5D1EED9ED86E55E91C96 /* Pods_FlixTests.framework */,
			);
			name = Frameworks;
			sourceTree = "<group>";
		};
/* End PBXGroup section */

/* Begin PBXNativeTarget section */
		4091F2F527A4DF0D003A2BBD /* Flix */ = {
			isa = PBXNativeTarget;
			buildConfigurationList = 4091F32027A4DF19003A2BBD /* Build configuration list for PBXNativeTarget "Flix" */;
			buildPhases = (
				5671CC1568F7773EFF270715 /* [CP] Check Pods Manifest.lock */,
				4091F2F227A4DF0D003A2BBD /* Sources */,
				4091F2F327A4DF0D003A2BBD /* Frameworks */,
				4091F2F427A4DF0D003A2BBD /* Resources */,
				231422496570F871FB5B2A15 /* [CP] Embed Pods Frameworks */,
			);
			buildRules = (
			);
			dependencies = (
			);
			name = Flix;
			packageProductDependencies = (
				4091F32E27A8A56B003A2BBD /* AlamofireImage */,
			);
			productName = Flix;
			productReference = 4091F2F627A4DF0D003A2BBD /* Flix.app */;
			productType = "com.apple.product-type.application";
		};
		4091F30B27A4DF19003A2BBD /* FlixTests */ = {
			isa = PBXNativeTarget;
			buildConfigurationList = 4091F32327A4DF19003A2BBD /* Build configuration list for PBXNativeTarget "FlixTests" */;
			buildPhases = (
				83D96CC0A4AE387947580520 /* [CP] Check Pods Manifest.lock */,
				4091F30827A4DF19003A2BBD /* Sources */,
				4091F30927A4DF19003A2BBD /* Frameworks */,
				4091F30A27A4DF19003A2BBD /* Resources */,
			);
			buildRules = (
			);
			dependencies = (
				4091F30E27A4DF19003A2BBD /* PBXTargetDependency */,
			);
			name = FlixTests;
			productName = FlixTests;
			productReference = 4091F30C27A4DF19003A2BBD /* FlixTests.xctest */;
			productType = "com.apple.product-type.bundle.unit-test";
		};
		4091F31527A4DF19003A2BBD /* FlixUITests */ = {
			isa = PBXNativeTarget;
			buildConfigurationList = 4091F32627A4DF19003A2BBD /* Build configuration list for PBXNativeTarget "FlixUITests" */;
			buildPhases = (
				9A820C910BE6ECB4E5CFF6E5 /* [CP] Check Pods Manifest.lock */,
				4091F31227A4DF19003A2BBD /* Sources */,
				4091F31327A4DF19003A2BBD /* Frameworks */,
				4091F31427A4DF19003A2BBD /* Resources */,
				18090FA2F470C0F890483BB3 /* [CP] Embed Pods Frameworks */,
			);
			buildRules = (
			);
			dependencies = (
				4091F31827A4DF19003A2BBD /* PBXTargetDependency */,
			);
			name = FlixUITests;
			productName = FlixUITests;
			productReference = 4091F31627A4DF19003A2BBD /* FlixUITests.xctest */;
			productType = "com.apple.product-type.bundle.ui-testing";
		};
/* End PBXNativeTarget section */

/* Begin PBXProject section */
		4091F2EE27A4DF0D003A2BBD /* Project object */ = {
			isa = PBXProject;
			attributes = {
				BuildIndependentTargetsInParallel = 1;
				LastSwiftUpdateCheck = 1320;
				LastUpgradeCheck = 1320;
				TargetAttributes = {
					4091F2F527A4DF0D003A2BBD = {
						CreatedOnToolsVersion = 13.2.1;
					};
					4091F30B27A4DF19003A2BBD = {
						CreatedOnToolsVersion = 13.2.1;
						TestTargetID = 4091F2F527A4DF0D003A2BBD;
					};
					4091F31527A4DF19003A2BBD = {
						CreatedOnToolsVersion = 13.2.1;
						TestTargetID = 4091F2F527A4DF0D003A2BBD;
					};
				};
			};
			buildConfigurationList = 4091F2F127A4DF0D003A2BBD /* Build configuration list for PBXProject "Flix" */;
			compatibilityVersion = "Xcode 13.0";
			developmentRegion = en;
			hasScannedForEncodings = 0;
			knownRegions = (
				en,
				Base,
			);
			mainGroup = 4091F2ED27A4DF0D003A2BBD;
			packageReferences = (
				4091F32D27A8A56B003A2BBD /* XCRemoteSwiftPackageReference "AlamofireImage" */,
			);
			productRefGroup = 4091F2F727A4DF0D003A2BBD /* Products */;
			projectDirPath = "";
			projectRoot = "";
			targets = (
				4091F2F527A4DF0D003A2BBD /* Flix */,
				4091F30B27A4DF19003A2BBD /* FlixTests */,
				4091F31527A4DF19003A2BBD /* FlixUITests */,
			);
		};
/* End PBXProject section */

/* Begin PBXResourcesBuildPhase section */
		4091F2F427A4DF0D003A2BBD /* Resources */ = {
			isa = PBXResourcesBuildPhase;
			buildActionMask = 2147483647;
			files = (
				4091F30627A4DF19003A2BBD /* LaunchScreen.storyboard in Resources */,
				4091F30327A4DF19003A2BBD /* Assets.xcassets in Resources */,
				4091F30127A4DF0E003A2BBD /* Main.storyboard in Resources */,
			);
			runOnlyForDeploymentPostprocessing = 0;
		};
		4091F30A27A4DF19003A2BBD /* Resources */ = {
			isa = PBXResourcesBuildPhase;
			buildActionMask = 2147483647;
			files = (
			);
			runOnlyForDeploymentPostprocessing = 0;
		};
		4091F31427A4DF19003A2BBD /* Resources */ = {
			isa = PBXResourcesBuildPhase;
			buildActionMask = 2147483647;
			files = (
			);
			runOnlyForDeploymentPostprocessing = 0;
		};
/* End PBXResourcesBuildPhase section */

/* Begin PBXShellScriptBuildPhase section */
		18090FA2F470C0F890483BB3 /* [CP] Embed Pods Frameworks */ = {
			isa = PBXShellScriptBuildPhase;
			buildActionMask = 2147483647;
			files = (
			);
			inputFileListPaths = (
				"${PODS_ROOT}/Target Support Files/Pods-Flix-FlixUITests/Pods-Flix-FlixUITests-frameworks-${CONFIGURATION}-input-files.xcfilelist",
			);
			name = "[CP] Embed Pods Frameworks";
			outputFileListPaths = (
				"${PODS_ROOT}/Target Support Files/Pods-Flix-FlixUITests/Pods-Flix-FlixUITests-frameworks-${CONFIGURATION}-output-files.xcfilelist",
			);
			runOnlyForDeploymentPostprocessing = 0;
			shellPath = /bin/sh;
			shellScript = "\"${PODS_ROOT}/Target Support Files/Pods-Flix-FlixUITests/Pods-Flix-FlixUITests-frameworks.sh\"\n";
			showEnvVarsInLog = 0;
		};
		231422496570F871FB5B2A15 /* [CP] Embed Pods Frameworks */ = {
			isa = PBXShellScriptBuildPhase;
			buildActionMask = 2147483647;
			files = (
			);
			inputFileListPaths = (
				"${PODS_ROOT}/Target Support Files/Pods-Flix/Pods-Flix-frameworks-${CONFIGURATION}-input-files.xcfilelist",
			);
			name = "[CP] Embed Pods Frameworks";
			outputFileListPaths = (
				"${PODS_ROOT}/Target Support Files/Pods-Flix/Pods-Flix-frameworks-${CONFIGURATION}-output-files.xcfilelist",
			);
			runOnlyForDeploymentPostprocessing = 0;
			shellPath = /bin/sh;
			shellScript = "\"${PODS_ROOT}/Target Support Files/Pods-Flix/Pods-Flix-frameworks.sh\"\n";
			showEnvVarsInLog = 0;
		};
		5671CC1568F7773EFF270715 /* [CP] Check Pods Manifest.lock */ = {
			isa = PBXShellScriptBuildPhase;
			buildActionMask = 2147483647;
			files = (
			);
			inputFileListPaths = (
			);
			inputPaths = (
				"${PODS_PODFILE_DIR_PATH}/Podfile.lock",
				"${PODS_ROOT}/Manifest.lock",
			);
			name = "[CP] Check Pods Manifest.lock";
			outputFileListPaths = (
			);
			outputPaths = (
				"$(DERIVED_FILE_DIR)/Pods-Flix-checkManifestLockResult.txt",
			);
			runOnlyForDeploymentPostprocessing = 0;
			shellPath = /bin/sh;
			shellScript = "diff \"${PODS_PODFILE_DIR_PATH}/Podfile.lock\" \"${PODS_ROOT}/Manifest.lock\" > /dev/null\nif [ $? != 0 ] ; then\n    # print error to STDERR\n    echo \"error: The sandbox is not in sync with the Podfile.lock. Run 'pod install' or update your CocoaPods installation.\" >&2\n    exit 1\nfi\n# This output is used by Xcode 'outputs' to avoid re-running this script phase.\necho \"SUCCESS\" > \"${SCRIPT_OUTPUT_FILE_0}\"\n";
			showEnvVarsInLog = 0;
		};
		83D96CC0A4AE387947580520 /* [CP] Check Pods Manifest.lock */ = {
			isa = PBXShellScriptBuildPhase;
			buildActionMask = 2147483647;
			files = (
			);
			inputFileListPaths = (
			);
			inputPaths = (
				"${PODS_PODFILE_DIR_PATH}/Podfile.lock",
				"${PODS_ROOT}/Manifest.lock",
			);
			name = "[CP] Check Pods Manifest.lock";
			outputFileListPaths = (
			);
			outputPaths = (
				"$(DERIVED_FILE_DIR)/Pods-FlixTests-checkManifestLockResult.txt",
			);
			runOnlyForDeploymentPostprocessing = 0;
			shellPath = /bin/sh;
			shellScript = "diff \"${PODS_PODFILE_DIR_PATH}/Podfile.lock\" \"${PODS_ROOT}/Manifest.lock\" > /dev/null\nif [ $? != 0 ] ; then\n    # print error to STDERR\n    echo \"error: The sandbox is not in sync with the Podfile.lock. Run 'pod install' or update your CocoaPods installation.\" >&2\n    exit 1\nfi\n# This output is used by Xcode 'outputs' to avoid re-running this script phase.\necho \"SUCCESS\" > \"${SCRIPT_OUTPUT_FILE_0}\"\n";
			showEnvVarsInLog = 0;
		};
		9A820C910BE6ECB4E5CFF6E5 /* [CP] Check Pods Manifest.lock */ = {
			isa = PBXShellScriptBuildPhase;
			buildActionMask = 2147483647;
			files = (
			);
			inputFileListPaths = (
			);
			inputPaths = (
				"${PODS_PODFILE_DIR_PATH}/Podfile.lock",
				"${PODS_ROOT}/Manifest.lock",
			);
			name = "[CP] Check Pods Manifest.lock";
			outputFileListPaths = (
			);
			outputPaths = (
				"$(DERIVED_FILE_DIR)/Pods-Flix-FlixUITests-checkManifestLockResult.txt",
			);
			runOnlyForDeploymentPostprocessing = 0;
			shellPath = /bin/sh;
			shellScript = "diff \"${PODS_PODFILE_DIR_PATH}/Podfile.lock\" \"${PODS_ROOT}/Manifest.lock\" > /dev/null\nif [ $? != 0 ] ; then\n    # print error to STDERR\n    echo \"error: The sandbox is not in sync with the Podfile.lock. Run 'pod install' or update your CocoaPods installation.\" >&2\n    exit 1\nfi\n# This output is used by Xcode 'outputs' to avoid re-running this script phase.\necho \"SUCCESS\" > \"${SCRIPT_OUTPUT_FILE_0}\"\n";
			showEnvVarsInLog = 0;
		};
/* End PBXShellScriptBuildPhase section */

/* Begin PBXSourcesBuildPhase section */
		4091F2F227A4DF0D003A2BBD /* Sources */ = {
			isa = PBXSourcesBuildPhase;
			buildActionMask = 2147483647;
			files = (
				4091F33127AF564F003A2BBD /* MovieDetailsViewController.swift in Sources */,
				4091F2FE27A4DF0E003A2BBD /* MoviesViewController.swift in Sources */,
				4091F2FA27A4DF0E003A2BBD /* AppDelegate.swift in Sources */,
				4091F32C27A8A026003A2BBD /* MovieCell.swift in Sources */,
				4091F2FC27A4DF0E003A2BBD /* SceneDelegate.swift in Sources */,
				4091F33327AF66A5003A2BBD /* MovieGridViewController.swift in Sources */,
				4091F33527AF6B4C003A2BBD /* MovieGridCell.swift in Sources */,
			);
			runOnlyForDeploymentPostprocessing = 0;
		};
		4091F30827A4DF19003A2BBD /* Sources */ = {
			isa = PBXSourcesBuildPhase;
			buildActionMask = 2147483647;
			files = (
				4091F31127A4DF19003A2BBD /* FlixTests.swift in Sources */,
			);
			runOnlyForDeploymentPostprocessing = 0;
		};
		4091F31227A4DF19003A2BBD /* Sources */ = {
			isa = PBXSourcesBuildPhase;
			buildActionMask = 2147483647;
			files = (
				4091F31B27A4DF19003A2BBD /* FlixUITests.swift in Sources */,
				4091F31D27A4DF19003A2BBD /* FlixUITestsLaunchTests.swift in Sources */,
			);
			runOnlyForDeploymentPostprocessing = 0;
		};
/* End PBXSourcesBuildPhase section */

/* Begin PBXTargetDependency section */
		4091F30E27A4DF19003A2BBD /* PBXTargetDependency */ = {
			isa = PBXTargetDependency;
			target = 4091F2F527A4DF0D003A2BBD /* Flix */;
			targetProxy = 4091F30D27A4DF19003A2BBD /* PBXContainerItemProxy */;
		};
		4091F31827A4DF19003A2BBD /* PBXTargetDependency */ = {
			isa = PBXTargetDependency;
			target = 4091F2F527A4DF0D003A2BBD /* Flix */;
			targetProxy = 4091F31727A4DF19003A2BBD /* PBXContainerItemProxy */;
		};
/* End PBXTargetDependency section */

/* Begin PBXVariantGroup section */
		4091F2FF27A4DF0E003A2BBD /* Main.storyboard */ = {
			isa = PBXVariantGroup;
			children = (
				4091F30027A4DF0E003A2BBD /* Base */,
			);
			name = Main.storyboard;
			sourceTree = "<group>";
		};
		4091F30427A4DF19003A2BBD /* LaunchScreen.storyboard */ = {
			isa = PBXVariantGroup;
			children = (
				4091F30527A4DF19003A2BBD /* Base */,
			);
			name = LaunchScreen.storyboard;
			sourceTree = "<group>";
		};
/* End PBXVariantGroup section */

/* Begin XCBuildConfiguration section */
		4091F31E27A4DF19003A2BBD /* Debug */ = {
			isa = XCBuildConfiguration;
			buildSettings = {
				ALWAYS_SEARCH_USER_PATHS = NO;
				CLANG_ANALYZER_NONNULL = YES;
				CLANG_ANALYZER_NUMBER_OBJECT_CONVERSION = YES_AGGRESSIVE;
				CLANG_CXX_LANGUAGE_STANDARD = "gnu++17";
				CLANG_CXX_LIBRARY = "libc++";
				CLANG_ENABLE_MODULES = YES;
				CLANG_ENABLE_OBJC_ARC = YES;
				CLANG_ENABLE_OBJC_WEAK = YES;
				CLANG_WARN_BLOCK_CAPTURE_AUTORELEASING = YES;
				CLANG_WARN_BOOL_CONVERSION = YES;
				CLANG_WARN_COMMA = YES;
				CLANG_WARN_CONSTANT_CONVERSION = YES;
				CLANG_WARN_DEPRECATED_OBJC_IMPLEMENTATIONS = YES;
				CLANG_WARN_DIRECT_OBJC_ISA_USAGE = YES_ERROR;
				CLANG_WARN_DOCUMENTATION_COMMENTS = YES;
				CLANG_WARN_EMPTY_BODY = YES;
				CLANG_WARN_ENUM_CONVERSION = YES;
				CLANG_WARN_INFINITE_RECURSION = YES;
				CLANG_WARN_INT_CONVERSION = YES;
				CLANG_WARN_NON_LITERAL_NULL_CONVERSION = YES;
				CLANG_WARN_OBJC_IMPLICIT_RETAIN_SELF = YES;
				CLANG_WARN_OBJC_LITERAL_CONVERSION = YES;
				CLANG_WARN_OBJC_ROOT_CLASS = YES_ERROR;
				CLANG_WARN_QUOTED_INCLUDE_IN_FRAMEWORK_HEADER = YES;
				CLANG_WARN_RANGE_LOOP_ANALYSIS = YES;
				CLANG_WARN_STRICT_PROTOTYPES = YES;
				CLANG_WARN_SUSPICIOUS_MOVE = YES;
				CLANG_WARN_UNGUARDED_AVAILABILITY = YES_AGGRESSIVE;
				CLANG_WARN_UNREACHABLE_CODE = YES;
				CLANG_WARN__DUPLICATE_METHOD_MATCH = YES;
				COPY_PHASE_STRIP = NO;
				DEBUG_INFORMATION_FORMAT = dwarf;
				ENABLE_STRICT_OBJC_MSGSEND = YES;
				ENABLE_TESTABILITY = YES;
				GCC_C_LANGUAGE_STANDARD = gnu11;
				GCC_DYNAMIC_NO_PIC = NO;
				GCC_NO_COMMON_BLOCKS = YES;
				GCC_OPTIMIZATION_LEVEL = 0;
				GCC_PREPROCESSOR_DEFINITIONS = (
					"DEBUG=1",
					"$(inherited)",
				);
				GCC_WARN_64_TO_32_BIT_CONVERSION = YES;
				GCC_WARN_ABOUT_RETURN_TYPE = YES_ERROR;
				GCC_WARN_UNDECLARED_SELECTOR = YES;
				GCC_WARN_UNINITIALIZED_AUTOS = YES_AGGRESSIVE;
				GCC_WARN_UNUSED_FUNCTION = YES;
				GCC_WARN_UNUSED_VARIABLE = YES;
				IPHONEOS_DEPLOYMENT_TARGET = 15.2;
				MTL_ENABLE_DEBUG_INFO = INCLUDE_SOURCE;
				MTL_FAST_MATH = YES;
				ONLY_ACTIVE_ARCH = YES;
				SDKROOT = iphoneos;
				SWIFT_ACTIVE_COMPILATION_CONDITIONS = DEBUG;
				SWIFT_OPTIMIZATION_LEVEL = "-Onone";
			};
			name = Debug;
		};
		4091F31F27A4DF19003A2BBD /* Release */ = {
			isa = XCBuildConfiguration;
			buildSettings = {
				ALWAYS_SEARCH_USER_PATHS = NO;
				CLANG_ANALYZER_NONNULL = YES;
				CLANG_ANALYZER_NUMBER_OBJECT_CONVERSION = YES_AGGRESSIVE;
				CLANG_CXX_LANGUAGE_STANDARD = "gnu++17";
				CLANG_CXX_LIBRARY = "libc++";
				CLANG_ENABLE_MODULES = YES;
				CLANG_ENABLE_OBJC_ARC = YES;
				CLANG_ENABLE_OBJC_WEAK = YES;
				CLANG_WARN_BLOCK_CAPTURE_AUTORELEASING = YES;
				CLANG_WARN_BOOL_CONVERSION = YES;
				CLANG_WARN_COMMA = YES;
				CLANG_WARN_CONSTANT_CONVERSION = YES;
				CLANG_WARN_DEPRECATED_OBJC_IMPLEMENTATIONS = YES;
				CLANG_WARN_DIRECT_OBJC_ISA_USAGE = YES_ERROR;
				CLANG_WARN_DOCUMENTATION_COMMENTS = YES;
				CLANG_WARN_EMPTY_BODY = YES;
				CLANG_WARN_ENUM_CONVERSION = YES;
				CLANG_WARN_INFINITE_RECURSION = YES;
				CLANG_WARN_INT_CONVERSION = YES;
				CLANG_WARN_NON_LITERAL_NULL_CONVERSION = YES;
				CLANG_WARN_OBJC_IMPLICIT_RETAIN_SELF = YES;
				CLANG_WARN_OBJC_LITERAL_CONVERSION = YES;
				CLANG_WARN_OBJC_ROOT_CLASS = YES_ERROR;
				CLANG_WARN_QUOTED_INCLUDE_IN_FRAMEWORK_HEADER = YES;
				CLANG_WARN_RANGE_LOOP_ANALYSIS = YES;
				CLANG_WARN_STRICT_PROTOTYPES = YES;
				CLANG_WARN_SUSPICIOUS_MOVE = YES;
				CLANG_WARN_UNGUARDED_AVAILABILITY = YES_AGGRESSIVE;
				CLANG_WARN_UNREACHABLE_CODE = YES;
				CLANG_WARN__DUPLICATE_METHOD_MATCH = YES;
				COPY_PHASE_STRIP = NO;
				DEBUG_INFORMATION_FORMAT = "dwarf-with-dsym";
				ENABLE_NS_ASSERTIONS = NO;
				ENABLE_STRICT_OBJC_MSGSEND = YES;
				GCC_C_LANGUAGE_STANDARD = gnu11;
				GCC_NO_COMMON_BLOCKS = YES;
				GCC_WARN_64_TO_32_BIT_CONVERSION = YES;
				GCC_WARN_ABOUT_RETURN_TYPE = YES_ERROR;
				GCC_WARN_UNDECLARED_SELECTOR = YES;
				GCC_WARN_UNINITIALIZED_AUTOS = YES_AGGRESSIVE;
				GCC_WARN_UNUSED_FUNCTION = YES;
				GCC_WARN_UNUSED_VARIABLE = YES;
				IPHONEOS_DEPLOYMENT_TARGET = 15.2;
				MTL_ENABLE_DEBUG_INFO = NO;
				MTL_FAST_MATH = YES;
				SDKROOT = iphoneos;
				SWIFT_COMPILATION_MODE = wholemodule;
				SWIFT_OPTIMIZATION_LEVEL = "-O";
				VALIDATE_PRODUCT = YES;
			};
			name = Release;
		};
		4091F32127A4DF19003A2BBD /* Debug */ = {
			isa = XCBuildConfiguration;
			baseConfigurationReference = 6DDBC5C5DF0006B322B6C2FB /* Pods-Flix.debug.xcconfig */;
			buildSettings = {
				ASSETCATALOG_COMPILER_APPICON_NAME = AppIcon;
				ASSETCATALOG_COMPILER_GLOBAL_ACCENT_COLOR_NAME = AccentColor;
				CODE_SIGN_STYLE = Automatic;
				CURRENT_PROJECT_VERSION = 1;
				DEVELOPMENT_TEAM = G82MDFHH22;
				GENERATE_INFOPLIST_FILE = YES;
				INFOPLIST_FILE = Flix/Info.plist;
				INFOPLIST_KEY_UIApplicationSupportsIndirectInputEvents = YES;
				INFOPLIST_KEY_UILaunchStoryboardName = LaunchScreen;
				INFOPLIST_KEY_UIMainStoryboardFile = Main;
				INFOPLIST_KEY_UISupportedInterfaceOrientations_iPad = "UIInterfaceOrientationPortrait UIInterfaceOrientationPortraitUpsideDown UIInterfaceOrientationLandscapeLeft UIInterfaceOrientationLandscapeRight";
				INFOPLIST_KEY_UISupportedInterfaceOrientations_iPhone = "UIInterfaceOrientationPortrait UIInterfaceOrientationLandscapeLeft UIInterfaceOrientationLandscapeRight";
				LD_RUNPATH_SEARCH_PATHS = (
					"$(inherited)",
					"@executable_path/Frameworks",
				);
				MARKETING_VERSION = 1.0;
				PRODUCT_BUNDLE_IDENTIFIER = com.Uche.FlixIntroProject;
				PRODUCT_NAME = "$(TARGET_NAME)";
				SWIFT_EMIT_LOC_STRINGS = YES;
				SWIFT_VERSION = 5.0;
				TARGETED_DEVICE_FAMILY = "1,2";
			};
			name = Debug;
		};
		4091F32227A4DF19003A2BBD /* Release */ = {
			isa = XCBuildConfiguration;
			baseConfigurationReference = DB0C535719E959D5E6379D91 /* Pods-Flix.release.xcconfig */;
			buildSettings = {
				ASSETCATALOG_COMPILER_APPICON_NAME = AppIcon;
				ASSETCATALOG_COMPILER_GLOBAL_ACCENT_COLOR_NAME = AccentColor;
				CODE_SIGN_STYLE = Automatic;
				CURRENT_PROJECT_VERSION = 1;
				DEVELOPMENT_TEAM = G82MDFHH22;
				GENERATE_INFOPLIST_FILE = YES;
				INFOPLIST_FILE = Flix/Info.plist;
				INFOPLIST_KEY_UIApplicationSupportsIndirectInputEvents = YES;
				INFOPLIST_KEY_UILaunchStoryboardName = LaunchScreen;
				INFOPLIST_KEY_UIMainStoryboardFile = Main;
				INFOPLIST_KEY_UISupportedInterfaceOrientations_iPad = "UIInterfaceOrientationPortrait UIInterfaceOrientationPortraitUpsideDown UIInterfaceOrientationLandscapeLeft UIInterfaceOrientationLandscapeRight";
				INFOPLIST_KEY_UISupportedInterfaceOrientations_iPhone = "UIInterfaceOrientationPortrait UIInterfaceOrientationLandscapeLeft UIInterfaceOrientationLandscapeRight";
				LD_RUNPATH_SEARCH_PATHS = (
					"$(inherited)",
					"@executable_path/Frameworks",
				);
				MARKETING_VERSION = 1.0;
				PRODUCT_BUNDLE_IDENTIFIER = com.Uche.FlixIntroProject;
				PRODUCT_NAME = "$(TARGET_NAME)";
				SWIFT_EMIT_LOC_STRINGS = YES;
				SWIFT_VERSION = 5.0;
				TARGETED_DEVICE_FAMILY = "1,2";
			};
			name = Release;
		};
		4091F32427A4DF19003A2BBD /* Debug */ = {
			isa = XCBuildConfiguration;
			baseConfigurationReference = DF12EA1BE5BE1EC16982E09A /* Pods-FlixTests.debug.xcconfig */;
			buildSettings = {
				ALWAYS_EMBED_SWIFT_STANDARD_LIBRARIES = YES;
				BUNDLE_LOADER = "$(TEST_HOST)";
				CODE_SIGN_STYLE = Automatic;
				CURRENT_PROJECT_VERSION = 1;
				DEVELOPMENT_TEAM = G82MDFHH22;
				GENERATE_INFOPLIST_FILE = YES;
				IPHONEOS_DEPLOYMENT_TARGET = 15.2;
				MARKETING_VERSION = 1.0;
				PRODUCT_BUNDLE_IDENTIFIER = com.Uche.FlixTests;
				PRODUCT_NAME = "$(TARGET_NAME)";
				SWIFT_EMIT_LOC_STRINGS = NO;
				SWIFT_VERSION = 5.0;
				TARGETED_DEVICE_FAMILY = "1,2";
				TEST_HOST = "$(BUILT_PRODUCTS_DIR)/Flix.app/Flix";
			};
			name = Debug;
		};
		4091F32527A4DF19003A2BBD /* Release */ = {
			isa = XCBuildConfiguration;
			baseConfigurationReference = B44D811696A119329094B473 /* Pods-FlixTests.release.xcconfig */;
			buildSettings = {
				ALWAYS_EMBED_SWIFT_STANDARD_LIBRARIES = YES;
				BUNDLE_LOADER = "$(TEST_HOST)";
				CODE_SIGN_STYLE = Automatic;
				CURRENT_PROJECT_VERSION = 1;
				DEVELOPMENT_TEAM = G82MDFHH22;
				GENERATE_INFOPLIST_FILE = YES;
				IPHONEOS_DEPLOYMENT_TARGET = 15.2;
				MARKETING_VERSION = 1.0;
				PRODUCT_BUNDLE_IDENTIFIER = com.Uche.FlixTests;
				PRODUCT_NAME = "$(TARGET_NAME)";
				SWIFT_EMIT_LOC_STRINGS = NO;
				SWIFT_VERSION = 5.0;
				TARGETED_DEVICE_FAMILY = "1,2";
				TEST_HOST = "$(BUILT_PRODUCTS_DIR)/Flix.app/Flix";
			};
			name = Release;
		};
		4091F32727A4DF19003A2BBD /* Debug */ = {
			isa = XCBuildConfiguration;
			baseConfigurationReference = 6BF592CF53E03F1E1D945D37 /* Pods-Flix-FlixUITests.debug.xcconfig */;
			buildSettings = {
				ALWAYS_EMBED_SWIFT_STANDARD_LIBRARIES = YES;
				CODE_SIGN_STYLE = Automatic;
				CURRENT_PROJECT_VERSION = 1;
				DEVELOPMENT_TEAM = G82MDFHH22;
				GENERATE_INFOPLIST_FILE = YES;
				MARKETING_VERSION = 1.0;
				PRODUCT_BUNDLE_IDENTIFIER = com.Uche.FlixUITests;
				PRODUCT_NAME = "$(TARGET_NAME)";
				SWIFT_EMIT_LOC_STRINGS = NO;
				SWIFT_VERSION = 5.0;
				TARGETED_DEVICE_FAMILY = "1,2";
				TEST_TARGET_NAME = Flix;
			};
			name = Debug;
		};
		4091F32827A4DF19003A2BBD /* Release */ = {
			isa = XCBuildConfiguration;
			baseConfigurationReference = AC5047F4060616EB0890E047 /* Pods-Flix-FlixUITests.release.xcconfig */;
			buildSettings = {
				ALWAYS_EMBED_SWIFT_STANDARD_LIBRARIES = YES;
				CODE_SIGN_STYLE = Automatic;
				CURRENT_PROJECT_VERSION = 1;
				DEVELOPMENT_TEAM = G82MDFHH22;
				GENERATE_INFOPLIST_FILE = YES;
				MARKETING_VERSION = 1.0;
				PRODUCT_BUNDLE_IDENTIFIER = com.Uche.FlixUITests;
				PRODUCT_NAME = "$(TARGET_NAME)";
				SWIFT_EMIT_LOC_STRINGS = NO;
				SWIFT_VERSION = 5.0;
				TARGETED_DEVICE_FAMILY = "1,2";
				TEST_TARGET_NAME = Flix;
			};
			name = Release;
		};
/* End XCBuildConfiguration section */

/* Begin XCConfigurationList section */
		4091F2F127A4DF0D003A2BBD /* Build configuration list for PBXProject "Flix" */ = {
			isa = XCConfigurationList;
			buildConfigurations = (
				4091F31E27A4DF19003A2BBD /* Debug */,
				4091F31F27A4DF19003A2BBD /* Release */,
			);
			defaultConfigurationIsVisible = 0;
			defaultConfigurationName = Release;
		};
		4091F32027A4DF19003A2BBD /* Build configuration list for PBXNativeTarget "Flix" */ = {
			isa = XCConfigurationList;
			buildConfigurations = (
				4091F32127A4DF19003A2BBD /* Debug */,
				4091F32227A4DF19003A2BBD /* Release */,
			);
			defaultConfigurationIsVisible = 0;
			defaultConfigurationName = Release;
		};
		4091F32327A4DF19003A2BBD /* Build configuration list for PBXNativeTarget "FlixTests" */ = {
			isa = XCConfigurationList;
			buildConfigurations = (
				4091F32427A4DF19003A2BBD /* Debug */,
				4091F32527A4DF19003A2BBD /* Release */,
			);
			defaultConfigurationIsVisible = 0;
			defaultConfigurationName = Release;
		};
		4091F32627A4DF19003A2BBD /* Build configuration list for PBXNativeTarget "FlixUITests" */ = {
			isa = XCConfigurationList;
			buildConfigurations = (
				4091F32727A4DF19003A2BBD /* Debug */,
				4091F32827A4DF19003A2BBD /* Release */,
			);
			defaultConfigurationIsVisible = 0;
			defaultConfigurationName = Release;
		};
/* End XCConfigurationList section */

/* Begin XCRemoteSwiftPackageReference section */
		4091F32D27A8A56B003A2BBD /* XCRemoteSwiftPackageReference "AlamofireImage" */ = {
			isa = XCRemoteSwiftPackageReference;
			repositoryURL = "https://github.com/Alamofire/AlamofireImage";
			requirement = {
				kind = upToNextMajorVersion;
				minimumVersion = 4.0.0;
			};
		};
/* End XCRemoteSwiftPackageReference section */

/* Begin XCSwiftPackageProductDependency section */
		4091F32E27A8A56B003A2BBD /* AlamofireImage */ = {
			isa = XCSwiftPackageProductDependency;
			package = 4091F32D27A8A56B003A2BBD /* XCRemoteSwiftPackageReference "AlamofireImage" */;
			productName = AlamofireImage;
		};
/* End XCSwiftPackageProductDependency section */
	};
	rootObject = 4091F2EE27A4DF0D003A2BBD /* Project object */;
}
